
Microsoft Visual Studio Solution File, Format Version 12.00
# Visual Studio 15
VisualStudioVersion = 15.0.28307.539
MinimumVisualStudioVersion = 10.0.40219.1
Project("{FAE04EC0-301F-11D3-BF4B-00C04F79EFBC}") = "_6_WPM_MVVM_Pattern", "_6_WPM_MVVM_Pattern\_6_WPM_MVVM_Pattern.csproj", "{DAB27619-D348-4312-B9FD-8C33EC3ADCC7}"
EndProject
Global
	GlobalSection(SolutionConfigurationPlatforms) = preSolution
		Debug|Any CPU = Debug|Any CPU
		Release|Any CPU = Release|Any CPU
	EndGlobalSection
	GlobalSection(ProjectConfigurationPlatforms) = postSolution
		{DAB27619-D348-4312-B9FD-8C33EC3ADCC7}.Debug|Any CPU.ActiveCfg = Debug|Any CPU
		{DAB27619-D348-4312-B9FD-8C33EC3ADCC7}.Debug|Any CPU.Build.0 = Debug|Any CPU
		{DAB27619-D348-4312-B9FD-8C33EC3ADCC7}.Release|Any CPU.ActiveCfg = Release|Any CPU
		{DAB27619-D348-4312-B9FD-8C33EC3ADCC7}.Release|Any CPU.Build.0 = Release|Any CPU
	EndGlobalSection
	GlobalSection(SolutionProperties) = preSolution
		HideSolutionNode = FALSE
	EndGlobalSection
	GlobalSection(ExtensibilityGlobals) = postSolution
		SolutionGuid = {6393453C-91E8-4E0A-AEAE-812F5A2B7780}
	EndGlobalSection
EndGlobal
