
Microsoft Visual Studio Solution File, Format Version 12.00
# Visual Studio 15
VisualStudioVersion = 15.0.28307.539
MinimumVisualStudioVersion = 10.0.40219.1
Project("{FAE04EC0-301F-11D3-BF4B-00C04F79EFBC}") = "CurrencyConverter", "CurrencyConverter\CurrencyConverter.csproj", "{68865E05-0CCD-4FC9-9E1E-61CAB14A46CC}"
EndProject
Global
	GlobalSection(SolutionConfigurationPlatforms) = preSolution
		Debug|Any CPU = Debug|Any CPU
		Release|Any CPU = Release|Any CPU
	EndGlobalSection
	GlobalSection(ProjectConfigurationPlatforms) = postSolution
		{68865E05-0CCD-4FC9-9E1E-61CAB14A46CC}.Debug|Any CPU.ActiveCfg = Debug|Any CPU
		{68865E05-0CCD-4FC9-9E1E-61CAB14A46CC}.Debug|Any CPU.Build.0 = Debug|Any CPU
		{68865E05-0CCD-4FC9-9E1E-61CAB14A46CC}.Release|Any CPU.ActiveCfg = Release|Any CPU
		{68865E05-0CCD-4FC9-9E1E-61CAB14A46CC}.Release|Any CPU.Build.0 = Release|Any CPU
	EndGlobalSection
	GlobalSection(SolutionProperties) = preSolution
		HideSolutionNode = FALSE
	EndGlobalSection
	GlobalSection(ExtensibilityGlobals) = postSolution
		SolutionGuid = {898C7EB6-27F4-4811-82CA-47D6BC050D06}
	EndGlobalSection
EndGlobal
