
Microsoft Visual Studio Solution File, Format Version 12.00
# Visual Studio 15
VisualStudioVersion = 15.0.28307.539
MinimumVisualStudioVersion = 10.0.40219.1
Project("{FAE04EC0-301F-11D3-BF4B-00C04F79EFBC}") = "MoreComplexCurrencyConverter2", "MoreComplexCurrencyConverter2\MoreComplexCurrencyConverter2.csproj", "{10429072-1621-4753-A83D-EBA15D304232}"
EndProject
Global
	GlobalSection(SolutionConfigurationPlatforms) = preSolution
		Debug|Any CPU = Debug|Any CPU
		Release|Any CPU = Release|Any CPU
	EndGlobalSection
	GlobalSection(ProjectConfigurationPlatforms) = postSolution
		{10429072-1621-4753-A83D-EBA15D304232}.Debug|Any CPU.ActiveCfg = Debug|Any CPU
		{10429072-1621-4753-A83D-EBA15D304232}.Debug|Any CPU.Build.0 = Debug|Any CPU
		{10429072-1621-4753-A83D-EBA15D304232}.Release|Any CPU.ActiveCfg = Release|Any CPU
		{10429072-1621-4753-A83D-EBA15D304232}.Release|Any CPU.Build.0 = Release|Any CPU
	EndGlobalSection
	GlobalSection(SolutionProperties) = preSolution
		HideSolutionNode = FALSE
	EndGlobalSection
	GlobalSection(ExtensibilityGlobals) = postSolution
		SolutionGuid = {A14319A4-E42B-437F-A926-53A8A5A90781}
	EndGlobalSection
EndGlobal
