
Microsoft Visual Studio Solution File, Format Version 12.00
# Visual Studio 15
VisualStudioVersion = 15.0.28307.539
MinimumVisualStudioVersion = 10.0.40219.1
Project("{FAE04EC0-301F-11D3-BF4B-00C04F79EFBC}") = "DataBinding", "DataBinding\DataBinding.csproj", "{8200CB65-56E6-4D05-BFF5-68840CD93F89}"
EndProject
Global
	GlobalSection(SolutionConfigurationPlatforms) = preSolution
		Debug|Any CPU = Debug|Any CPU
		Release|Any CPU = Release|Any CPU
	EndGlobalSection
	GlobalSection(ProjectConfigurationPlatforms) = postSolution
		{8200CB65-56E6-4D05-BFF5-68840CD93F89}.Debug|Any CPU.ActiveCfg = Debug|Any CPU
		{8200CB65-56E6-4D05-BFF5-68840CD93F89}.Debug|Any CPU.Build.0 = Debug|Any CPU
		{8200CB65-56E6-4D05-BFF5-68840CD93F89}.Release|Any CPU.ActiveCfg = Release|Any CPU
		{8200CB65-56E6-4D05-BFF5-68840CD93F89}.Release|Any CPU.Build.0 = Release|Any CPU
	EndGlobalSection
	GlobalSection(SolutionProperties) = preSolution
		HideSolutionNode = FALSE
	EndGlobalSection
	GlobalSection(ExtensibilityGlobals) = postSolution
		SolutionGuid = {88772358-F6DB-48DC-AF88-34DA7C168B4E}
	EndGlobalSection
EndGlobal
